
Microsoft Visual Studio Solution File, Format Version 12.00
# Visual Studio 15
Project("{FAE04EC0-301F-11D3-BF4B-00C04F79EFBC}") = "SteamVR", "SteamVR.csproj", "{30FC5F69-4FD3-3FFF-B1C1-FA34D68602C5}"
EndProject
Project("{FAE04EC0-301F-11D3-BF4B-00C04F79EFBC}") = "SteamVR_Actions", "SteamVR_Actions.csproj", "{0445E159-D47C-2B36-D436-672821703682}"
EndProject
Project("{FAE04EC0-301F-11D3-BF4B-00C04F79EFBC}") = "SteamVR_Editor", "SteamVR_Editor.csproj", "{8E394429-088C-84B6-EA8E-4D3A556C3736}"
EndProject
Project("{FAE04EC0-301F-11D3-BF4B-00C04F79EFBC}") = "SteamVR_Input_Editor", "SteamVR_Input_Editor.csproj", "{5BB6ED36-4D17-5EFA-0059-6EDCE579934B}"
EndProject
Project("{FAE04EC0-301F-11D3-BF4B-00C04F79EFBC}") = "SteamVR_Windows_EditorHelper", "SteamVR_Windows_EditorHelper.csproj", "{BDF3AC20-F757-C98A-8041-B9CE6C39E95F}"
EndProject
Global
	GlobalSection(SolutionConfigurationPlatforms) = preSolution
		Debug|Any CPU = Debug|Any CPU
		Release|Any CPU = Release|Any CPU
	EndGlobalSection
	GlobalSection(ProjectConfigurationPlatforms) = postSolution
		{30FC5F69-4FD3-3FFF-B1C1-FA34D68602C5}.Debug|Any CPU.ActiveCfg = Debug|Any CPU
		{30FC5F69-4FD3-3FFF-B1C1-FA34D68602C5}.Debug|Any CPU.Build.0 = Debug|Any CPU
		{30FC5F69-4FD3-3FFF-B1C1-FA34D68602C5}.Release|Any CPU.ActiveCfg = Release|Any CPU
		{30FC5F69-4FD3-3FFF-B1C1-FA34D68602C5}.Release|Any CPU.Build.0 = Release|Any CPU
		{0445E159-D47C-2B36-D436-672821703682}.Debug|Any CPU.ActiveCfg = Debug|Any CPU
		{0445E159-D47C-2B36-D436-672821703682}.Debug|Any CPU.Build.0 = Debug|Any CPU
		{0445E159-D47C-2B36-D436-672821703682}.Release|Any CPU.ActiveCfg = Release|Any CPU
		{0445E159-D47C-2B36-D436-672821703682}.Release|Any CPU.Build.0 = Release|Any CPU
		{8E394429-088C-84B6-EA8E-4D3A556C3736}.Debug|Any CPU.ActiveCfg = Debug|Any CPU
		{8E394429-088C-84B6-EA8E-4D3A556C3736}.Debug|Any CPU.Build.0 = Debug|Any CPU
		{8E394429-088C-84B6-EA8E-4D3A556C3736}.Release|Any CPU.ActiveCfg = Release|Any CPU
		{8E394429-088C-84B6-EA8E-4D3A556C3736}.Release|Any CPU.Build.0 = Release|Any CPU
		{5BB6ED36-4D17-5EFA-0059-6EDCE579934B}.Debug|Any CPU.ActiveCfg = Debug|Any CPU
		{5BB6ED36-4D17-5EFA-0059-6EDCE579934B}.Debug|Any CPU.Build.0 = Debug|Any CPU
		{5BB6ED36-4D17-5EFA-0059-6EDCE579934B}.Release|Any CPU.ActiveCfg = Release|Any CPU
		{5BB6ED36-4D17-5EFA-0059-6EDCE579934B}.Release|Any CPU.Build.0 = Release|Any CPU
		{BDF3AC20-F757-C98A-8041-B9CE6C39E95F}.Debug|Any CPU.ActiveCfg = Debug|Any CPU
		{BDF3AC20-F757-C98A-8041-B9CE6C39E95F}.Debug|Any CPU.Build.0 = Debug|Any CPU
		{BDF3AC20-F757-C98A-8041-B9CE6C39E95F}.Release|Any CPU.ActiveCfg = Release|Any CPU
		{BDF3AC20-F757-C98A-8041-B9CE6C39E95F}.Release|Any CPU.Build.0 = Release|Any CPU
	EndGlobalSection
	GlobalSection(SolutionProperties) = preSolution
		HideSolutionNode = FALSE
	EndGlobalSection
EndGlobal
